
Microsoft Visual Studio Solution File, Format Version 12.00
# Visual Studio Version 17
VisualStudioVersion = 17.14.36327.8
MinimumVisualStudioVersion = 10.0.40219.1
Project("{FAE04EC0-301F-11D3-BF4B-00C04F79EFBC}") = "FormLayer", "FormLayer.csproj", "{1A4D0A04-9883-4133-BC7C-D80C39102849}"
EndProject
Project("{FAE04EC0-301F-11D3-BF4B-00C04F79EFBC}") = "DataAccess", "..\DataAccess\DataAccess.csproj", "{E0C1238F-3EC8-20F4-994E-AB5AB921761B}"
EndProject
Project("{FAE04EC0-301F-11D3-BF4B-00C04F79EFBC}") = "Business", "..\Business\Business.csproj", "{7F28BD7E-E312-8462-8337-A340DB4A4A9E}"
EndProject
Project("{FAE04EC0-301F-11D3-BF4B-00C04F79EFBC}") = "GlobalLayer", "..\GlobalLayer\GlobalLayer.csproj", "{198E89D7-F240-8C8F-D88E-8694D3D148FC}"
EndProject
Project("{FAE04EC0-301F-11D3-BF4B-00C04F79EFBC}") = "Models", "..\Models\Models.csproj", "{18D373F3-C0A8-F357-B2C2-6E74558E02FE}"
EndProject
Global
	GlobalSection(SolutionConfigurationPlatforms) = preSolution
		Debug|Any CPU = Debug|Any CPU
		Release|Any CPU = Release|Any CPU
	EndGlobalSection
	GlobalSection(ProjectConfigurationPlatforms) = postSolution
		{1A4D0A04-9883-4133-BC7C-D80C39102849}.Debug|Any CPU.ActiveCfg = Debug|Any CPU
		{1A4D0A04-9883-4133-BC7C-D80C39102849}.Debug|Any CPU.Build.0 = Debug|Any CPU
		{1A4D0A04-9883-4133-BC7C-D80C39102849}.Release|Any CPU.ActiveCfg = Release|Any CPU
		{1A4D0A04-9883-4133-BC7C-D80C39102849}.Release|Any CPU.Build.0 = Release|Any CPU
		{E0C1238F-3EC8-20F4-994E-AB5AB921761B}.Debug|Any CPU.ActiveCfg = Debug|Any CPU
		{E0C1238F-3EC8-20F4-994E-AB5AB921761B}.Debug|Any CPU.Build.0 = Debug|Any CPU
		{E0C1238F-3EC8-20F4-994E-AB5AB921761B}.Release|Any CPU.ActiveCfg = Release|Any CPU
		{E0C1238F-3EC8-20F4-994E-AB5AB921761B}.Release|Any CPU.Build.0 = Release|Any CPU
		{7F28BD7E-E312-8462-8337-A340DB4A4A9E}.Debug|Any CPU.ActiveCfg = Debug|Any CPU
		{7F28BD7E-E312-8462-8337-A340DB4A4A9E}.Debug|Any CPU.Build.0 = Debug|Any CPU
		{7F28BD7E-E312-8462-8337-A340DB4A4A9E}.Release|Any CPU.ActiveCfg = Release|Any CPU
		{7F28BD7E-E312-8462-8337-A340DB4A4A9E}.Release|Any CPU.Build.0 = Release|Any CPU
		{198E89D7-F240-8C8F-D88E-8694D3D148FC}.Debug|Any CPU.ActiveCfg = Debug|Any CPU
		{198E89D7-F240-8C8F-D88E-8694D3D148FC}.Debug|Any CPU.Build.0 = Debug|Any CPU
		{198E89D7-F240-8C8F-D88E-8694D3D148FC}.Release|Any CPU.ActiveCfg = Release|Any CPU
		{198E89D7-F240-8C8F-D88E-8694D3D148FC}.Release|Any CPU.Build.0 = Release|Any CPU
		{18D373F3-C0A8-F357-B2C2-6E74558E02FE}.Debug|Any CPU.ActiveCfg = Debug|Any CPU
		{18D373F3-C0A8-F357-B2C2-6E74558E02FE}.Debug|Any CPU.Build.0 = Debug|Any CPU
		{18D373F3-C0A8-F357-B2C2-6E74558E02FE}.Release|Any CPU.ActiveCfg = Release|Any CPU
		{18D373F3-C0A8-F357-B2C2-6E74558E02FE}.Release|Any CPU.Build.0 = Release|Any CPU
	EndGlobalSection
	GlobalSection(SolutionProperties) = preSolution
		HideSolutionNode = FALSE
	EndGlobalSection
	GlobalSection(ExtensibilityGlobals) = postSolution
		SolutionGuid = {0968082C-F8D5-474D-9359-50D2C73447BE}
	EndGlobalSection
EndGlobal
